
Microsoft Visual Studio Solution File, Format Version 12.00
# Visual Studio Version 17
VisualStudioVersion = 17.4.33213.308
MinimumVisualStudioVersion = 10.0.40219.1
Project("{FAE04EC0-301F-11D3-BF4B-00C04F79EFBC}") = "ADETMidterm", "ADETMidterm\ADETMidterm.csproj", "{4B2D17EF-7E20-4108-8F41-E4492EAB6880}"
EndProject
Global
	GlobalSection(SolutionConfigurationPlatforms) = preSolution
		Debug|Any CPU = Debug|Any CPU
		Release|Any CPU = Release|Any CPU
	EndGlobalSection
	GlobalSection(ProjectConfigurationPlatforms) = postSolution
		{4B2D17EF-7E20-4108-8F41-E4492EAB6880}.Debug|Any CPU.ActiveCfg = Debug|Any CPU
		{4B2D17EF-7E20-4108-8F41-E4492EAB6880}.Debug|Any CPU.Build.0 = Debug|Any CPU
		{4B2D17EF-7E20-4108-8F41-E4492EAB6880}.Release|Any CPU.ActiveCfg = Release|Any CPU
		{4B2D17EF-7E20-4108-8F41-E4492EAB6880}.Release|Any CPU.Build.0 = Release|Any CPU
	EndGlobalSection
	GlobalSection(SolutionProperties) = preSolution
		HideSolutionNode = FALSE
	EndGlobalSection
	GlobalSection(ExtensibilityGlobals) = postSolution
		SolutionGuid = {399247FB-E5BC-462E-A117-F216271218F1}
	EndGlobalSection
EndGlobal
